// !$*UTF8*$!
{
	archiveVersion = 1;
	classes = {
	};
	objectVersion = 55;
	objects = {

/* Begin PBXBuildFile section */
		16A3044A29C106EE00B240E2 /* calculator_swiftUIApp.swift in Sources */ = {isa = PBXBuildFile; fileRef = 16A3044929C106EE00B240E2 /* calculator_swiftUIApp.swift */; };
		16A3044C29C106EE00B240E2 /* ContentView.swift in Sources */ = {isa = PBXBuildFile; fileRef = 16A3044B29C106EE00B240E2 /* ContentView.swift */; };
		16A3044E29C106F200B240E2 /* Assets.xcassets in Resources */ = {isa = PBXBuildFile; fileRef = 16A3044D29C106F200B240E2 /* Assets.xcassets */; };
		16A3045129C106F200B240E2 /* Preview Assets.xcassets in Resources */ = {isa = PBXBuildFile; fileRef = 16A3045029C106F200B240E2 /* Preview Assets.xcassets */; };
		16A3045B29C106F200B240E2 /* calculator_swiftUITests.swift in Sources */ = {isa = PBXBuildFile; fileRef = 16A3045A29C106F200B240E2 /* calculator_swiftUITests.swift */; };
		16A3046529C106F200B240E2 /* calculator_swiftUIUITests.swift in Sources */ = {isa = PBXBuildFile; fileRef = 16A3046429C106F200B240E2 /* calculator_swiftUIUITests.swift */; };
		16A3046729C106F200B240E2 /* calculator_swiftUIUITestsLaunchTests.swift in Sources */ = {isa = PBXBuildFile; fileRef = 16A3046629C106F200B240E2 /* calculator_swiftUIUITestsLaunchTests.swift */; };
/* End PBXBuildFile section */

/* Begin PBXContainerItemProxy section */
		16A3045729C106F200B240E2 /* PBXContainerItemProxy */ = {
			isa = PBXContainerItemProxy;
			containerPortal = 16A3043E29C106EE00B240E2 /* Project object */;
			proxyType = 1;
			remoteGlobalIDString = 16A3044529C106EE00B240E2;
			remoteInfo = calculator_swiftUI;
		};
		16A3046129C106F200B240E2 /* PBXContainerItemProxy */ = {
			isa = PBXContainerItemProxy;
			containerPortal = 16A3043E29C106EE00B240E2 /* Project object */;
			proxyType = 1;
			remoteGlobalIDString = 16A3044529C106EE00B240E2;
			remoteInfo = calculator_swiftUI;
		};
/* End PBXContainerItemProxy section */

/* Begin PBXFileReference section */
		16A3044629C106EE00B240E2 /* calculator_swiftUI.app */ = {isa = PBXFileReference; explicitFileType = wrapper.application; includeInIndex = 0; path = calculator_swiftUI.app; sourceTree = BUILT_PRODUCTS_DIR; };
		16A3044929C106EE00B240E2 /* calculator_swiftUIApp.swift */ = {isa = PBXFileReference; lastKnownFileType = sourcecode.swift; path = calculator_swiftUIApp.swift; sourceTree = "<group>"; };
		16A3044B29C106EE00B240E2 /* ContentView.swift */ = {isa = PBXFileReference; lastKnownFileType = sourcecode.swift; path = ContentView.swift; sourceTree = "<group>"; };
		16A3044D29C106F200B240E2 /* Assets.xcassets */ = {isa = PBXFileReference; lastKnownFileType = folder.assetcatalog; path = Assets.xcassets; sourceTree = "<group>"; };
		16A3045029C106F200B240E2 /* Preview Assets.xcassets */ = {isa = PBXFileReference; lastKnownFileType = folder.assetcatalog; path = "Preview Assets.xcassets"; sourceTree = "<group>"; };
		16A3045629C106F200B240E2 /* calculator_swiftUITests.xctest */ = {isa = PBXFileReference; explicitFileType = wrapper.cfbundle; includeInIndex = 0; path = calculator_swiftUITests.xctest; sourceTree = BUILT_PRODUCTS_DIR; };
		16A3045A29C106F200B240E2 /* calculator_swiftUITests.swift */ = {isa = PBXFileReference; lastKnownFileType = sourcecode.swift; path = calculator_swiftUITests.swift; sourceTree = "<group>"; };
		16A3046029C106F200B240E2 /* calculator_swiftUIUITests.xctest */ = {isa = PBXFileReference; explicitFileType = wrapper.cfbundle; includeInIndex = 0; path = calculator_swiftUIUITests.xctest; sourceTree = BUILT_PRODUCTS_DIR; };
		16A3046429C106F200B240E2 /* calculator_swiftUIUITests.swift */ = {isa = PBXFileReference; lastKnownFileType = sourcecode.swift; path = calculator_swiftUIUITests.swift; sourceTree = "<group>"; };
		16A3046629C106F200B240E2 /* calculator_swiftUIUITestsLaunchTests.swift */ = {isa = PBXFileReference; lastKnownFileType = sourcecode.swift; path = calculator_swiftUIUITestsLaunchTests.swift; sourceTree = "<group>"; };
/* End PBXFileReference section */

/* Begin PBXFrameworksBuildPhase section */
		16A3044329C106EE00B240E2 /* Frameworks */ = {
			isa = PBXFrameworksBuildPhase;
			buildActionMask = 2147483647;
			files = (
			);
			runOnlyForDeploymentPostprocessing = 0;
		};
		16A3045329C106F200B240E2 /* Frameworks */ = {
			isa = PBXFrameworksBuildPhase;
			buildActionMask = 2147483647;
			files = (
			);
			runOnlyForDeploymentPostprocessing = 0;
		};
		16A3045D29C106F200B240E2 /* Frameworks */ = {
			isa = PBXFrameworksBuildPhase;
			buildActionMask = 2147483647;
			files = (
			);
			runOnlyForDeploymentPostprocessing = 0;
		};
/* End PBXFrameworksBuildPhase section */

/* Begin PBXGroup section */
		16A3043D29C106EE00B240E2 = {
			isa = PBXGroup;
			children = (
				16A3044829C106EE00B240E2 /* calculator_swiftUI */,
				16A3045929C106F200B240E2 /* calculator_swiftUITests */,
				16A3046329C106F200B240E2 /* calculator_swiftUIUITests */,
				16A3044729C106EE00B240E2 /* Products */,
			);
			sourceTree = "<group>";
		};
		16A3044729C106EE00B240E2 /* Products */ = {
			isa = PBXGroup;
			children = (
				16A3044629C106EE00B240E2 /* calculator_swiftUI.app */,
				16A3045629C106F200B240E2 /* calculator_swiftUITests.xctest */,
				16A3046029C106F200B240E2 /* calculator_swiftUIUITests.xctest */,
			);
			name = Products;
			sourceTree = "<group>";
		};
		16A3044829C106EE00B240E2 /* calculator_swiftUI */ = {
			isa = PBXGroup;
			children = (
				16A3044929C106EE00B240E2 /* calculator_swiftUIApp.swift */,
				16A3044B29C106EE00B240E2 /* ContentView.swift */,
				16A3044D29C106F200B240E2 /* Assets.xcassets */,
				16A3044F29C106F200B240E2 /* Preview Content */,
			);
			path = calculator_swiftUI;
			sourceTree = "<group>";
		};
		16A3044F29C106F200B240E2 /* Preview Content */ = {
			isa = PBXGroup;
			children = (
				16A3045029C106F200B240E2 /* Preview Assets.xcassets */,
			);
			path = "Preview Content";
			sourceTree = "<group>";
		};
		16A3045929C106F200B240E2 /* calculator_swiftUITests */ = {
			isa = PBXGroup;
			children = (
				16A3045A29C106F200B240E2 /* calculator_swiftUITests.swift */,
			);
			path = calculator_swiftUITests;
			sourceTree = "<group>";
		};
		16A3046329C106F200B240E2 /* calculator_swiftUIUITests */ = {
			isa = PBXGroup;
			children = (
				16A3046429C106F200B240E2 /* calculator_swiftUIUITests.swift */,
				16A3046629C106F200B240E2 /* calculator_swiftUIUITestsLaunchTests.swift */,
			);
			path = calculator_swiftUIUITests;
			sourceTree = "<group>";
		};
/* End PBXGroup section */

/* Begin PBXNativeTarget section */
		16A3044529C106EE00B240E2 /* calculator_swiftUI */ = {
			isa = PBXNativeTarget;
			buildConfigurationList = 16A3046A29C106F200B240E2 /* Build configuration list for PBXNativeTarget "calculator_swiftUI" */;
			buildPhases = (
				16A3044229C106EE00B240E2 /* Sources */,
				16A3044329C106EE00B240E2 /* Frameworks */,
				16A3044429C106EE00B240E2 /* Resources */,
			);
			buildRules = (
			);
			dependencies = (
			);
			name = calculator_swiftUI;
			productName = calculator_swiftUI;
			productReference = 16A3044629C106EE00B240E2 /* calculator_swiftUI.app */;
			productType = "com.apple.product-type.application";
		};
		16A3045529C106F200B240E2 /* calculator_swiftUITests */ = {
			isa = PBXNativeTarget;
			buildConfigurationList = 16A3046D29C106F200B240E2 /* Build configuration list for PBXNativeTarget "calculator_swiftUITests" */;
			buildPhases = (
				16A3045229C106F200B240E2 /* Sources */,
				16A3045329C106F200B240E2 /* Frameworks */,
				16A3045429C106F200B240E2 /* Resources */,
			);
			buildRules = (
			);
			dependencies = (
				16A3045829C106F200B240E2 /* PBXTargetDependency */,
			);
			name = calculator_swiftUITests;
			productName = calculator_swiftUITests;
			productReference = 16A3045629C106F200B240E2 /* calculator_swiftUITests.xctest */;
			productType = "com.apple.product-type.bundle.unit-test";
		};
		16A3045F29C106F200B240E2 /* calculator_swiftUIUITests */ = {
			isa = PBXNativeTarget;
			buildConfigurationList = 16A3047029C106F200B240E2 /* Build configuration list for PBXNativeTarget "calculator_swiftUIUITests" */;
			buildPhases = (
				16A3045C29C106F200B240E2 /* Sources */,
				16A3045D29C106F200B240E2 /* Frameworks */,
				16A3045E29C106F200B240E2 /* Resources */,
			);
			buildRules = (
			);
			dependencies = (
				16A3046229C106F200B240E2 /* PBXTargetDependency */,
			);
			name = calculator_swiftUIUITests;
			productName = calculator_swiftUIUITests;
			productReference = 16A3046029C106F200B240E2 /* calculator_swiftUIUITests.xctest */;
			productType = "com.apple.product-type.bundle.ui-testing";
		};
/* End PBXNativeTarget section */

/* Begin PBXProject section */
		16A3043E29C106EE00B240E2 /* Project object */ = {
			isa = PBXProject;
			attributes = {
				BuildIndependentTargetsInParallel = 1;
				LastSwiftUpdateCheck = 1320;
				LastUpgradeCheck = 1320;
				TargetAttributes = {
					16A3044529C106EE00B240E2 = {
						CreatedOnToolsVersion = 13.2.1;
					};
					16A3045529C106F200B240E2 = {
						CreatedOnToolsVersion = 13.2.1;
						TestTargetID = 16A3044529C106EE00B240E2;
					};
					16A3045F29C106F200B240E2 = {
						CreatedOnToolsVersion = 13.2.1;
						TestTargetID = 16A3044529C106EE00B240E2;
					};
				};
			};
			buildConfigurationList = 16A3044129C106EE00B240E2 /* Build configuration list for PBXProject "calculator_swiftUI" */;
			compatibilityVersion = "Xcode 13.0";
			developmentRegion = en;
			hasScannedForEncodings = 0;
			knownRegions = (
				en,
				Base,
			);
			mainGroup = 16A3043D29C106EE00B240E2;
			productRefGroup = 16A3044729C106EE00B240E2 /* Products */;
			projectDirPath = "";
			projectRoot = "";
			targets = (
				16A3044529C106EE00B240E2 /* calculator_swiftUI */,
				16A3045529C106F200B240E2 /* calculator_swiftUITests */,
				16A3045F29C106F200B240E2 /* calculator_swiftUIUITests */,
			);
		};
/* End PBXProject section */

/* Begin PBXResourcesBuildPhase section */
		16A3044429C106EE00B240E2 /* Resources */ = {
			isa = PBXResourcesBuildPhase;
			buildActionMask = 2147483647;
			files = (
				16A3045129C106F200B240E2 /* Preview Assets.xcassets in Resources */,
				16A3044E29C106F200B240E2 /* Assets.xcassets in Resources */,
			);
			runOnlyForDeploymentPostprocessing = 0;
		};
		16A3045429C106F200B240E2 /* Resources */ = {
			isa = PBXResourcesBuildPhase;
			buildActionMask = 2147483647;
			files = (
			);
			runOnlyForDeploymentPostprocessing = 0;
		};
		16A3045E29C106F200B240E2 /* Resources */ = {
			isa = PBXResourcesBuildPhase;
			buildActionMask = 2147483647;
			files = (
			);
			runOnlyForDeploymentPostprocessing = 0;
		};
/* End PBXResourcesBuildPhase section */

/* Begin PBXSourcesBuildPhase section */
		16A3044229C106EE00B240E2 /* Sources */ = {
			isa = PBXSourcesBuildPhase;
			buildActionMask = 2147483647;
			files = (
				16A3044C29C106EE00B240E2 /* ContentView.swift in Sources */,
				16A3044A29C106EE00B240E2 /* calculator_swiftUIApp.swift in Sources */,
			);
			runOnlyForDeploymentPostprocessing = 0;
		};
		16A3045229C106F200B240E2 /* Sources */ = {
			isa = PBXSourcesBuildPhase;
			buildActionMask = 2147483647;
			files = (
				16A3045B29C106F200B240E2 /* calculator_swiftUITests.swift in Sources */,
			);
			runOnlyForDeploymentPostprocessing = 0;
		};
		16A3045C29C106F200B240E2 /* Sources */ = {
			isa = PBXSourcesBuildPhase;
			buildActionMask = 2147483647;
			files = (
				16A3046729C106F200B240E2 /* calculator_swiftUIUITestsLaunchTests.swift in Sources */,
				16A3046529C106F200B240E2 /* calculator_swiftUIUITests.swift in Sources */,
			);
			runOnlyForDeploymentPostprocessing = 0;
		};
/* End PBXSourcesBuildPhase section */

/* Begin PBXTargetDependency section */
		16A3045829C106F200B240E2 /* PBXTargetDependency */ = {
			isa = PBXTargetDependency;
			target = 16A3044529C106EE00B240E2 /* calculator_swiftUI */;
			targetProxy = 16A3045729C106F200B240E2 /* PBXContainerItemProxy */;
		};
		16A3046229C106F200B240E2 /* PBXTargetDependency */ = {
			isa = PBXTargetDependency;
			target = 16A3044529C106EE00B240E2 /* calculator_swiftUI */;
			targetProxy = 16A3046129C106F200B240E2 /* PBXContainerItemProxy */;
		};
/* End PBXTargetDependency section */

/* Begin XCBuildConfiguration section */
		16A3046829C106F200B240E2 /* Debug */ = {
			isa = XCBuildConfiguration;
			buildSettings = {
				ALWAYS_SEARCH_USER_PATHS = NO;
				CLANG_ANALYZER_NONNULL = YES;
				CLANG_ANALYZER_NUMBER_OBJECT_CONVERSION = YES_AGGRESSIVE;
				CLANG_CXX_LANGUAGE_STANDARD = "gnu++17";
				CLANG_CXX_LIBRARY = "libc++";
				CLANG_ENABLE_MODULES = YES;
				CLANG_ENABLE_OBJC_ARC = YES;
				CLANG_ENABLE_OBJC_WEAK = YES;
				CLANG_WARN_BLOCK_CAPTURE_AUTORELEASING = YES;
				CLANG_WARN_BOOL_CONVERSION = YES;
				CLANG_WARN_COMMA = YES;
				CLANG_WARN_CONSTANT_CONVERSION = YES;
				CLANG_WARN_DEPRECATED_OBJC_IMPLEMENTATIONS = YES;
				CLANG_WARN_DIRECT_OBJC_ISA_USAGE = YES_ERROR;
				CLANG_WARN_DOCUMENTATION_COMMENTS = YES;
				CLANG_WARN_EMPTY_BODY = YES;
				CLANG_WARN_ENUM_CONVERSION = YES;
				CLANG_WARN_INFINITE_RECURSION = YES;
				CLANG_WARN_INT_CONVERSION = YES;
				CLANG_WARN_NON_LITERAL_NULL_CONVERSION = YES;
				CLANG_WARN_OBJC_IMPLICIT_RETAIN_SELF = YES;
				CLANG_WARN_OBJC_LITERAL_CONVERSION = YES;
				CLANG_WARN_OBJC_ROOT_CLASS = YES_ERROR;
				CLANG_WARN_QUOTED_INCLUDE_IN_FRAMEWORK_HEADER = YES;
				CLANG_WARN_RANGE_LOOP_ANALYSIS = YES;
				CLANG_WARN_STRICT_PROTOTYPES = YES;
				CLANG_WARN_SUSPICIOUS_MOVE = YES;
				CLANG_WARN_UNGUARDED_AVAILABILITY = YES_AGGRESSIVE;
				CLANG_WARN_UNREACHABLE_CODE = YES;
				CLANG_WARN__DUPLICATE_METHOD_MATCH = YES;
				COPY_PHASE_STRIP = NO;
				DEBUG_INFORMATION_FORMAT = dwarf;
				ENABLE_STRICT_OBJC_MSGSEND = YES;
				ENABLE_TESTABILITY = YES;
				GCC_C_LANGUAGE_STANDARD = gnu11;
				GCC_DYNAMIC_NO_PIC = NO;
				GCC_NO_COMMON_BLOCKS = YES;
				GCC_OPTIMIZATION_LEVEL = 0;
				GCC_PREPROCESSOR_DEFINITIONS = (
					"DEBUG=1",
					"$(inherited)",
				);
				GCC_WARN_64_TO_32_BIT_CONVERSION = YES;
				GCC_WARN_ABOUT_RETURN_TYPE = YES_ERROR;
				GCC_WARN_UNDECLARED_SELECTOR = YES;
				GCC_WARN_UNINITIALIZED_AUTOS = YES_AGGRESSIVE;
				GCC_WARN_UNUSED_FUNCTION = YES;
				GCC_WARN_UNUSED_VARIABLE = YES;
				IPHONEOS_DEPLOYMENT_TARGET = 15.2;
				MTL_ENABLE_DEBUG_INFO = INCLUDE_SOURCE;
				MTL_FAST_MATH = YES;
				ONLY_ACTIVE_ARCH = YES;
				SDKROOT = iphoneos;
				SWIFT_ACTIVE_COMPILATION_CONDITIONS = DEBUG;
				SWIFT_OPTIMIZATION_LEVEL = "-Onone";
			};
			name = Debug;
		};
		16A3046929C106F200B240E2 /* Release */ = {
			isa = XCBuildConfiguration;
			buildSettings = {
				ALWAYS_SEARCH_USER_PATHS = NO;
				CLANG_ANALYZER_NONNULL = YES;
				CLANG_ANALYZER_NUMBER_OBJECT_CONVERSION = YES_AGGRESSIVE;
				CLANG_CXX_LANGUAGE_STANDARD = "gnu++17";
				CLANG_CXX_LIBRARY = "libc++";
				CLANG_ENABLE_MODULES = YES;
				CLANG_ENABLE_OBJC_ARC = YES;
				CLANG_ENABLE_OBJC_WEAK = YES;
				CLANG_WARN_BLOCK_CAPTURE_AUTORELEASING = YES;
				CLANG_WARN_BOOL_CONVERSION = YES;
				CLANG_WARN_COMMA = YES;
				CLANG_WARN_CONSTANT_CONVERSION = YES;
				CLANG_WARN_DEPRECATED_OBJC_IMPLEMENTATIONS = YES;
				CLANG_WARN_DIRECT_OBJC_ISA_USAGE = YES_ERROR;
				CLANG_WARN_DOCUMENTATION_COMMENTS = YES;
				CLANG_WARN_EMPTY_BODY = YES;
				CLANG_WARN_ENUM_CONVERSION = YES;
				CLANG_WARN_INFINITE_RECURSION = YES;
				CLANG_WARN_INT_CONVERSION = YES;
				CLANG_WARN_NON_LITERAL_NULL_CONVERSION = YES;
				CLANG_WARN_OBJC_IMPLICIT_RETAIN_SELF = YES;
				CLANG_WARN_OBJC_LITERAL_CONVERSION = YES;
				CLANG_WARN_OBJC_ROOT_CLASS = YES_ERROR;
				CLANG_WARN_QUOTED_INCLUDE_IN_FRAMEWORK_HEADER = YES;
				CLANG_WARN_RANGE_LOOP_ANALYSIS = YES;
				CLANG_WARN_STRICT_PROTOTYPES = YES;
				CLANG_WARN_SUSPICIOUS_MOVE = YES;
				CLANG_WARN_UNGUARDED_AVAILABILITY = YES_AGGRESSIVE;
				CLANG_WARN_UNREACHABLE_CODE = YES;
				CLANG_WARN__DUPLICATE_METHOD_MATCH = YES;
				COPY_PHASE_STRIP = NO;
				DEBUG_INFORMATION_FORMAT = "dwarf-with-dsym";
				ENABLE_NS_ASSERTIONS = NO;
				ENABLE_STRICT_OBJC_MSGSEND = YES;
				GCC_C_LANGUAGE_STANDARD = gnu11;
				GCC_NO_COMMON_BLOCKS = YES;
				GCC_WARN_64_TO_32_BIT_CONVERSION = YES;
				GCC_WARN_ABOUT_RETURN_TYPE = YES_ERROR;
				GCC_WARN_UNDECLARED_SELECTOR = YES;
				GCC_WARN_UNINITIALIZED_AUTOS = YES_AGGRESSIVE;
				GCC_WARN_UNUSED_FUNCTION = YES;
				GCC_WARN_UNUSED_VARIABLE = YES;
				IPHONEOS_DEPLOYMENT_TARGET = 15.2;
				MTL_ENABLE_DEBUG_INFO = NO;
				MTL_FAST_MATH = YES;
				SDKROOT = iphoneos;
				SWIFT_COMPILATION_MODE = wholemodule;
				SWIFT_OPTIMIZATION_LEVEL = "-O";
				VALIDATE_PRODUCT = YES;
			};
			name = Release;
		};
		16A3046B29C106F200B240E2 /* Debug */ = {
			isa = XCBuildConfiguration;
			buildSettings = {
				ASSETCATALOG_COMPILER_APPICON_NAME = AppIcon;
				ASSETCATALOG_COMPILER_GLOBAL_ACCENT_COLOR_NAME = AccentColor;
				CODE_SIGN_STYLE = Automatic;
				CURRENT_PROJECT_VERSION = 1;
				DEVELOPMENT_ASSET_PATHS = "\"calculator_swiftUI/Preview Content\"";
				ENABLE_PREVIEWS = YES;
				GENERATE_INFOPLIST_FILE = YES;
				INFOPLIST_KEY_UIApplicationSceneManifest_Generation = YES;
				INFOPLIST_KEY_UIApplicationSupportsIndirectInputEvents = YES;
				INFOPLIST_KEY_UILaunchScreen_Generation = YES;
				INFOPLIST_KEY_UISupportedInterfaceOrientations_iPad = "UIInterfaceOrientationPortrait UIInterfaceOrientationPortraitUpsideDown UIInterfaceOrientationLandscapeLeft UIInterfaceOrientationLandscapeRight";
				INFOPLIST_KEY_UISupportedInterfaceOrientations_iPhone = "UIInterfaceOrientationPortrait UIInterfaceOrientationLandscapeLeft UIInterfaceOrientationLandscapeRight";
				LD_RUNPATH_SEARCH_PATHS = (
					"$(inherited)",
					"@executable_path/Frameworks",
				);
				MARKETING_VERSION = 1.0;
				PRODUCT_BUNDLE_IDENTIFIER = "wcastro.calculator-swiftUI";
				PRODUCT_NAME = "$(TARGET_NAME)";
				SWIFT_EMIT_LOC_STRINGS = YES;
				SWIFT_VERSION = 5.0;
				TARGETED_DEVICE_FAMILY = "1,2";
			};
			name = Debug;
		};
		16A3046C29C106F200B240E2 /* Release */ = {
			isa = XCBuildConfiguration;
			buildSettings = {
				ASSETCATALOG_COMPILER_APPICON_NAME = AppIcon;
				ASSETCATALOG_COMPILER_GLOBAL_ACCENT_COLOR_NAME = AccentColor;
				CODE_SIGN_STYLE = Automatic;
				CURRENT_PROJECT_VERSION = 1;
				DEVELOPMENT_ASSET_PATHS = "\"calculator_swiftUI/Preview Content\"";
				ENABLE_PREVIEWS = YES;
				GENERATE_INFOPLIST_FILE = YES;
				INFOPLIST_KEY_UIApplicationSceneManifest_Generation = YES;
				INFOPLIST_KEY_UIApplicationSupportsIndirectInputEvents = YES;
				INFOPLIST_KEY_UILaunchScreen_Generation = YES;
				INFOPLIST_KEY_UISupportedInterfaceOrientations_iPad = "UIInterfaceOrientationPortrait UIInterfaceOrientationPortraitUpsideDown UIInterfaceOrientationLandscapeLeft UIInterfaceOrientationLandscapeRight";
				INFOPLIST_KEY_UISupportedInterfaceOrientations_iPhone = "UIInterfaceOrientationPortrait UIInterfaceOrientationLandscapeLeft UIInterfaceOrientationLandscapeRight";
				LD_RUNPATH_SEARCH_PATHS = (
					"$(inherited)",
					"@executable_path/Frameworks",
				);
				MARKETING_VERSION = 1.0;
				PRODUCT_BUNDLE_IDENTIFIER = "wcastro.calculator-swiftUI";
				PRODUCT_NAME = "$(TARGET_NAME)";
				SWIFT_EMIT_LOC_STRINGS = YES;
				SWIFT_VERSION = 5.0;
				TARGETED_DEVICE_FAMILY = "1,2";
			};
			name = Release;
		};
		16A3046E29C106F200B240E2 /* Debug */ = {
			isa = XCBuildConfiguration;
			buildSettings = {
				ALWAYS_EMBED_SWIFT_STANDARD_LIBRARIES = YES;
				BUNDLE_LOADER = "$(TEST_HOST)";
				CODE_SIGN_STYLE = Automatic;
				CURRENT_PROJECT_VERSION = 1;
				GENERATE_INFOPLIST_FILE = YES;
				IPHONEOS_DEPLOYMENT_TARGET = 15.2;
				MARKETING_VERSION = 1.0;
				PRODUCT_BUNDLE_IDENTIFIER = "wcastro.calculator-swiftUITests";
				PRODUCT_NAME = "$(TARGET_NAME)";
				SWIFT_EMIT_LOC_STRINGS = NO;
				SWIFT_VERSION = 5.0;
				TARGETED_DEVICE_FAMILY = "1,2";
				TEST_HOST = "$(BUILT_PRODUCTS_DIR)/calculator_swiftUI.app/calculator_swiftUI";
			};
			name = Debug;
		};
		16A3046F29C106F200B240E2 /* Release */ = {
			isa = XCBuildConfiguration;
			buildSettings = {
				ALWAYS_EMBED_SWIFT_STANDARD_LIBRARIES = YES;
				BUNDLE_LOADER = "$(TEST_HOST)";
				CODE_SIGN_STYLE = Automatic;
				CURRENT_PROJECT_VERSION = 1;
				GENERATE_INFOPLIST_FILE = YES;
				IPHONEOS_DEPLOYMENT_TARGET = 15.2;
				MARKETING_VERSION = 1.0;
				PRODUCT_BUNDLE_IDENTIFIER = "wcastro.calculator-swiftUITests";
				PRODUCT_NAME = "$(TARGET_NAME)";
				SWIFT_EMIT_LOC_STRINGS = NO;
				SWIFT_VERSION = 5.0;
				TARGETED_DEVICE_FAMILY = "1,2";
				TEST_HOST = "$(BUILT_PRODUCTS_DIR)/calculator_swiftUI.app/calculator_swiftUI";
			};
			name = Release;
		};
		16A3047129C106F200B240E2 /* Debug */ = {
			isa = XCBuildConfiguration;
			buildSettings = {
				ALWAYS_EMBED_SWIFT_STANDARD_LIBRARIES = YES;
				CODE_SIGN_STYLE = Automatic;
				CURRENT_PROJECT_VERSION = 1;
				GENERATE_INFOPLIST_FILE = YES;
				MARKETING_VERSION = 1.0;
				PRODUCT_BUNDLE_IDENTIFIER = "wcastro.calculator-swiftUIUITests";
				PRODUCT_NAME = "$(TARGET_NAME)";
				SWIFT_EMIT_LOC_STRINGS = NO;
				SWIFT_VERSION = 5.0;
				TARGETED_DEVICE_FAMILY = "1,2";
				TEST_TARGET_NAME = calculator_swiftUI;
			};
			name = Debug;
		};
		16A3047229C106F200B240E2 /* Release */ = {
			isa = XCBuildConfiguration;
			buildSettings = {
				ALWAYS_EMBED_SWIFT_STANDARD_LIBRARIES = YES;
				CODE_SIGN_STYLE = Automatic;
				CURRENT_PROJECT_VERSION = 1;
				GENERATE_INFOPLIST_FILE = YES;
				MARKETING_VERSION = 1.0;
				PRODUCT_BUNDLE_IDENTIFIER = "wcastro.calculator-swiftUIUITests";
				PRODUCT_NAME = "$(TARGET_NAME)";
				SWIFT_EMIT_LOC_STRINGS = NO;
				SWIFT_VERSION = 5.0;
				TARGETED_DEVICE_FAMILY = "1,2";
				TEST_TARGET_NAME = calculator_swiftUI;
			};
			name = Release;
		};
/* End XCBuildConfiguration section */

/* Begin XCConfigurationList section */
		16A3044129C106EE00B240E2 /* Build configuration list for PBXProject "calculator_swiftUI" */ = {
			isa = XCConfigurationList;
			buildConfigurations = (
				16A3046829C106F200B240E2 /* Debug */,
				16A3046929C106F200B240E2 /* Release */,
			);
			defaultConfigurationIsVisible = 0;
			defaultConfigurationName = Release;
		};
		16A3046A29C106F200B240E2 /* Build configuration list for PBXNativeTarget "calculator_swiftUI" */ = {
			isa = XCConfigurationList;
			buildConfigurations = (
				16A3046B29C106F200B240E2 /* Debug */,
				16A3046C29C106F200B240E2 /* Release */,
			);
			defaultConfigurationIsVisible = 0;
			defaultConfigurationName = Release;
		};
		16A3046D29C106F200B240E2 /* Build configuration list for PBXNativeTarget "calculator_swiftUITests" */ = {
			isa = XCConfigurationList;
			buildConfigurations = (
				16A3046E29C106F200B240E2 /* Debug */,
				16A3046F29C106F200B240E2 /* Release */,
			);
			defaultConfigurationIsVisible = 0;
			defaultConfigurationName = Release;
		};
		16A3047029C106F200B240E2 /* Build configuration list for PBXNativeTarget "calculator_swiftUIUITests" */ = {
			isa = XCConfigurationList;
			buildConfigurations = (
				16A3047129C106F200B240E2 /* Debug */,
				16A3047229C106F200B240E2 /* Release */,
			);
			defaultConfigurationIsVisible = 0;
			defaultConfigurationName = Release;
		};
/* End XCConfigurationList section */
	};
	rootObject = 16A3043E29C106EE00B240E2 /* Project object */;
}
